
Microsoft Visual Studio Solution File, Format Version 12.00
# Visual Studio Version 16
VisualStudioVersion = 16.0.31129.286
MinimumVisualStudioVersion = 10.0.40219.1
Project("{8BC9CEB8-8B4A-11D0-8D11-00A0C91BC942}") = "Anyaroth", "Anyaroth\Anyaroth.vcxproj", "{60A3B899-1EDB-471B-84AB-DBCD1A6398D6}"
EndProject
Project("{8BC9CEB8-8B4A-11D0-8D11-00A0C91BC942}") = "Tracker", "Tracker\Tracker.vcxproj", "{EC1EB38A-CF36-4C53-8E57-8A6067749F0C}"
EndProject
Global
	GlobalSection(SolutionConfigurationPlatforms) = preSolution
		Debug|x64 = Debug|x64
		Debug|x86 = Debug|x86
		DebugSLib|x64 = DebugSLib|x64
		DebugSLib|x86 = DebugSLib|x86
		Release|x64 = Release|x64
		Release|x86 = Release|x86
		ReleaseSLib|x64 = ReleaseSLib|x64
		ReleaseSLib|x86 = ReleaseSLib|x86
	EndGlobalSection
	GlobalSection(ProjectConfigurationPlatforms) = postSolution
		{60A3B899-1EDB-471B-84AB-DBCD1A6398D6}.Debug|x64.ActiveCfg = Debug|x64
		{60A3B899-1EDB-471B-84AB-DBCD1A6398D6}.Debug|x64.Build.0 = Debug|x64
		{60A3B899-1EDB-471B-84AB-DBCD1A6398D6}.Debug|x86.ActiveCfg = Debug|Win32
		{60A3B899-1EDB-471B-84AB-DBCD1A6398D6}.Debug|x86.Build.0 = Debug|Win32
		{60A3B899-1EDB-471B-84AB-DBCD1A6398D6}.DebugSLib|x64.ActiveCfg = Debug|x64
		{60A3B899-1EDB-471B-84AB-DBCD1A6398D6}.DebugSLib|x86.ActiveCfg = Debug|Win32
		{60A3B899-1EDB-471B-84AB-DBCD1A6398D6}.Release|x64.ActiveCfg = Release|x64
		{60A3B899-1EDB-471B-84AB-DBCD1A6398D6}.Release|x64.Build.0 = Release|x64
		{60A3B899-1EDB-471B-84AB-DBCD1A6398D6}.Release|x86.ActiveCfg = Release|Win32
		{60A3B899-1EDB-471B-84AB-DBCD1A6398D6}.Release|x86.Build.0 = Release|Win32
		{60A3B899-1EDB-471B-84AB-DBCD1A6398D6}.ReleaseSLib|x64.ActiveCfg = Release|x64
		{60A3B899-1EDB-471B-84AB-DBCD1A6398D6}.ReleaseSLib|x86.ActiveCfg = Debug|Win32
		{EC1EB38A-CF36-4C53-8E57-8A6067749F0C}.Debug|x64.ActiveCfg = Debug|x64
		{EC1EB38A-CF36-4C53-8E57-8A6067749F0C}.Debug|x64.Build.0 = Debug|x64
		{EC1EB38A-CF36-4C53-8E57-8A6067749F0C}.Debug|x86.ActiveCfg = Debug|Win32
		{EC1EB38A-CF36-4C53-8E57-8A6067749F0C}.Debug|x86.Build.0 = Debug|Win32
		{EC1EB38A-CF36-4C53-8E57-8A6067749F0C}.DebugSLib|x64.ActiveCfg = DebugSLib|x64
		{EC1EB38A-CF36-4C53-8E57-8A6067749F0C}.DebugSLib|x64.Build.0 = DebugSLib|x64
		{EC1EB38A-CF36-4C53-8E57-8A6067749F0C}.DebugSLib|x86.ActiveCfg = DebugSLib|Win32
		{EC1EB38A-CF36-4C53-8E57-8A6067749F0C}.DebugSLib|x86.Build.0 = DebugSLib|Win32
		{EC1EB38A-CF36-4C53-8E57-8A6067749F0C}.Release|x64.ActiveCfg = Release|x64
		{EC1EB38A-CF36-4C53-8E57-8A6067749F0C}.Release|x64.Build.0 = Release|x64
		{EC1EB38A-CF36-4C53-8E57-8A6067749F0C}.Release|x86.ActiveCfg = Release|Win32
		{EC1EB38A-CF36-4C53-8E57-8A6067749F0C}.Release|x86.Build.0 = Release|Win32
		{EC1EB38A-CF36-4C53-8E57-8A6067749F0C}.ReleaseSLib|x64.ActiveCfg = ReleaseSLib|x64
		{EC1EB38A-CF36-4C53-8E57-8A6067749F0C}.ReleaseSLib|x64.Build.0 = ReleaseSLib|x64
		{EC1EB38A-CF36-4C53-8E57-8A6067749F0C}.ReleaseSLib|x86.ActiveCfg = ReleaseSLib|Win32
		{EC1EB38A-CF36-4C53-8E57-8A6067749F0C}.ReleaseSLib|x86.Build.0 = ReleaseSLib|Win32
	EndGlobalSection
	GlobalSection(SolutionProperties) = preSolution
		HideSolutionNode = FALSE
	EndGlobalSection
	GlobalSection(ExtensibilityGlobals) = postSolution
		SolutionGuid = {3AAD6713-AFA1-4F8C-9823-A712AEDA9FBE}
	EndGlobalSection
EndGlobal
